
Microsoft Visual Studio Solution File, Format Version 12.00
Project("{FAE04EC0-301F-11D3-BF4B-00C04F79EFBC}") = "Task_1", "Task_1.csproj", "{BB239AD0-21DD-4438-9275-B39F3E3889F4}"
EndProject
Global
	GlobalSection(SolutionConfigurationPlatforms) = preSolution
		Debug|Any CPU = Debug|Any CPU
		Release|Any CPU = Release|Any CPU
	EndGlobalSection
	GlobalSection(ProjectConfigurationPlatforms) = postSolution
		{BB239AD0-21DD-4438-9275-B39F3E3889F4}.Debug|Any CPU.ActiveCfg = Debug|Any CPU
		{BB239AD0-21DD-4438-9275-B39F3E3889F4}.Debug|Any CPU.Build.0 = Debug|Any CPU
		{BB239AD0-21DD-4438-9275-B39F3E3889F4}.Release|Any CPU.ActiveCfg = Release|Any CPU
		{BB239AD0-21DD-4438-9275-B39F3E3889F4}.Release|Any CPU.Build.0 = Release|Any CPU
	EndGlobalSection
EndGlobal
